
Microsoft Visual Studio Solution File, Format Version 12.00
# Visual Studio Version 17
VisualStudioVersion = 17.3.32819.101
MinimumVisualStudioVersion = 10.0.40219.1
Project("{8BC9CEB8-8B4A-11D0-8D11-00A0C91BC942}") = "Terminalclass", "Terminalclass\Terminalclass.vcxproj", "{CDA4AB9B-0ADC-40B8-B7DB-A52FAFCC9832}"
EndProject
Global
	GlobalSection(SolutionConfigurationPlatforms) = preSolution
		Debug|x64 = Debug|x64
		Debug|x86 = Debug|x86
		Release|x64 = Release|x64
		Release|x86 = Release|x86
	EndGlobalSection
	GlobalSection(ProjectConfigurationPlatforms) = postSolution
		{CDA4AB9B-0ADC-40B8-B7DB-A52FAFCC9832}.Debug|x64.ActiveCfg = Debug|x64
		{CDA4AB9B-0ADC-40B8-B7DB-A52FAFCC9832}.Debug|x64.Build.0 = Debug|x64
		{CDA4AB9B-0ADC-40B8-B7DB-A52FAFCC9832}.Debug|x86.ActiveCfg = Debug|Win32
		{CDA4AB9B-0ADC-40B8-B7DB-A52FAFCC9832}.Debug|x86.Build.0 = Debug|Win32
		{CDA4AB9B-0ADC-40B8-B7DB-A52FAFCC9832}.Release|x64.ActiveCfg = Release|x64
		{CDA4AB9B-0ADC-40B8-B7DB-A52FAFCC9832}.Release|x64.Build.0 = Release|x64
		{CDA4AB9B-0ADC-40B8-B7DB-A52FAFCC9832}.Release|x86.ActiveCfg = Release|Win32
		{CDA4AB9B-0ADC-40B8-B7DB-A52FAFCC9832}.Release|x86.Build.0 = Release|Win32
	EndGlobalSection
	GlobalSection(SolutionProperties) = preSolution
		HideSolutionNode = FALSE
	EndGlobalSection
	GlobalSection(ExtensibilityGlobals) = postSolution
		SolutionGuid = {C0BFFFDE-65DC-4E95-9525-16D8A3820776}
	EndGlobalSection
EndGlobal
