
Microsoft Visual Studio Solution File, Format Version 12.00
# Visual Studio Version 17
VisualStudioVersion = 17.3.32819.101
MinimumVisualStudioVersion = 10.0.40219.1
Project("{8BC9CEB8-8B4A-11D0-8D11-00A0C91BC942}") = "laba-1", "laba-1\laba-1.vcxproj", "{C411AC67-9596-4505-B1A0-2E97DA4E45C0}"
EndProject
Project("{8BC9CEB8-8B4A-11D0-8D11-00A0C91BC942}") = "spaceOfTraingle", "spaceOfTraingle\spaceOfTraingle.vcxproj", "{7D28C57A-71C3-427C-8861-8DAFBF1707AA}"
EndProject
Project("{8BC9CEB8-8B4A-11D0-8D11-00A0C91BC942}") = "DateTime", "DateTime\DateTime.vcxproj", "{84F4DE03-914B-49C9-B881-525CC3B3B2F1}"
EndProject
Project("{8BC9CEB8-8B4A-11D0-8D11-00A0C91BC942}") = "sapceofTraingle_2_1", "sapceofTraingle_2_1\sapceofTraingle_2_1.vcxproj", "{7179C5C9-DEFD-4CBC-A977-0C7A3B474D08}"
EndProject
Project("{8BC9CEB8-8B4A-11D0-8D11-00A0C91BC942}") = "Otrezok", "Otrezok\Otrezok.vcxproj", "{5BB00036-E4B4-4890-94B9-3B5DE9E3A3BE}"
EndProject
Project("{8BC9CEB8-8B4A-11D0-8D11-00A0C91BC942}") = "OtrezokWithRandom", "OtrezokWithRandom\OtrezokWithRandom.vcxproj", "{12C4DC43-00ED-45FD-8AB1-FCF3E9C10A53}"
EndProject
Project("{8BC9CEB8-8B4A-11D0-8D11-00A0C91BC942}") = "PsevdoCode", "PsevdoCode\PsevdoCode.vcxproj", "{DF153B05-8DD0-42C6-A087-D4B4EF82E280}"
EndProject
Global
	GlobalSection(SolutionConfigurationPlatforms) = preSolution
		Debug|x64 = Debug|x64
		Debug|x86 = Debug|x86
		Release|x64 = Release|x64
		Release|x86 = Release|x86
	EndGlobalSection
	GlobalSection(ProjectConfigurationPlatforms) = postSolution
		{C411AC67-9596-4505-B1A0-2E97DA4E45C0}.Debug|x64.ActiveCfg = Debug|x64
		{C411AC67-9596-4505-B1A0-2E97DA4E45C0}.Debug|x64.Build.0 = Debug|x64
		{C411AC67-9596-4505-B1A0-2E97DA4E45C0}.Debug|x86.ActiveCfg = Debug|Win32
		{C411AC67-9596-4505-B1A0-2E97DA4E45C0}.Debug|x86.Build.0 = Debug|Win32
		{C411AC67-9596-4505-B1A0-2E97DA4E45C0}.Release|x64.ActiveCfg = Release|x64
		{C411AC67-9596-4505-B1A0-2E97DA4E45C0}.Release|x64.Build.0 = Release|x64
		{C411AC67-9596-4505-B1A0-2E97DA4E45C0}.Release|x86.ActiveCfg = Release|Win32
		{C411AC67-9596-4505-B1A0-2E97DA4E45C0}.Release|x86.Build.0 = Release|Win32
		{7D28C57A-71C3-427C-8861-8DAFBF1707AA}.Debug|x64.ActiveCfg = Debug|x64
		{7D28C57A-71C3-427C-8861-8DAFBF1707AA}.Debug|x64.Build.0 = Debug|x64
		{7D28C57A-71C3-427C-8861-8DAFBF1707AA}.Debug|x86.ActiveCfg = Debug|Win32
		{7D28C57A-71C3-427C-8861-8DAFBF1707AA}.Debug|x86.Build.0 = Debug|Win32
		{7D28C57A-71C3-427C-8861-8DAFBF1707AA}.Release|x64.ActiveCfg = Release|x64
		{7D28C57A-71C3-427C-8861-8DAFBF1707AA}.Release|x64.Build.0 = Release|x64
		{7D28C57A-71C3-427C-8861-8DAFBF1707AA}.Release|x86.ActiveCfg = Release|Win32
		{7D28C57A-71C3-427C-8861-8DAFBF1707AA}.Release|x86.Build.0 = Release|Win32
		{84F4DE03-914B-49C9-B881-525CC3B3B2F1}.Debug|x64.ActiveCfg = Debug|x64
		{84F4DE03-914B-49C9-B881-525CC3B3B2F1}.Debug|x64.Build.0 = Debug|x64
		{84F4DE03-914B-49C9-B881-525CC3B3B2F1}.Debug|x86.ActiveCfg = Debug|Win32
		{84F4DE03-914B-49C9-B881-525CC3B3B2F1}.Debug|x86.Build.0 = Debug|Win32
		{84F4DE03-914B-49C9-B881-525CC3B3B2F1}.Release|x64.ActiveCfg = Release|x64
		{84F4DE03-914B-49C9-B881-525CC3B3B2F1}.Release|x64.Build.0 = Release|x64
		{84F4DE03-914B-49C9-B881-525CC3B3B2F1}.Release|x86.ActiveCfg = Release|Win32
		{84F4DE03-914B-49C9-B881-525CC3B3B2F1}.Release|x86.Build.0 = Release|Win32
		{7179C5C9-DEFD-4CBC-A977-0C7A3B474D08}.Debug|x64.ActiveCfg = Debug|x64
		{7179C5C9-DEFD-4CBC-A977-0C7A3B474D08}.Debug|x64.Build.0 = Debug|x64
		{7179C5C9-DEFD-4CBC-A977-0C7A3B474D08}.Debug|x86.ActiveCfg = Debug|Win32
		{7179C5C9-DEFD-4CBC-A977-0C7A3B474D08}.Debug|x86.Build.0 = Debug|Win32
		{7179C5C9-DEFD-4CBC-A977-0C7A3B474D08}.Release|x64.ActiveCfg = Release|x64
		{7179C5C9-DEFD-4CBC-A977-0C7A3B474D08}.Release|x64.Build.0 = Release|x64
		{7179C5C9-DEFD-4CBC-A977-0C7A3B474D08}.Release|x86.ActiveCfg = Release|Win32
		{7179C5C9-DEFD-4CBC-A977-0C7A3B474D08}.Release|x86.Build.0 = Release|Win32
		{5BB00036-E4B4-4890-94B9-3B5DE9E3A3BE}.Debug|x64.ActiveCfg = Debug|x64
		{5BB00036-E4B4-4890-94B9-3B5DE9E3A3BE}.Debug|x64.Build.0 = Debug|x64
		{5BB00036-E4B4-4890-94B9-3B5DE9E3A3BE}.Debug|x86.ActiveCfg = Debug|Win32
		{5BB00036-E4B4-4890-94B9-3B5DE9E3A3BE}.Debug|x86.Build.0 = Debug|Win32
		{5BB00036-E4B4-4890-94B9-3B5DE9E3A3BE}.Release|x64.ActiveCfg = Release|x64
		{5BB00036-E4B4-4890-94B9-3B5DE9E3A3BE}.Release|x64.Build.0 = Release|x64
		{5BB00036-E4B4-4890-94B9-3B5DE9E3A3BE}.Release|x86.ActiveCfg = Release|Win32
		{5BB00036-E4B4-4890-94B9-3B5DE9E3A3BE}.Release|x86.Build.0 = Release|Win32
		{12C4DC43-00ED-45FD-8AB1-FCF3E9C10A53}.Debug|x64.ActiveCfg = Debug|x64
		{12C4DC43-00ED-45FD-8AB1-FCF3E9C10A53}.Debug|x64.Build.0 = Debug|x64
		{12C4DC43-00ED-45FD-8AB1-FCF3E9C10A53}.Debug|x86.ActiveCfg = Debug|Win32
		{12C4DC43-00ED-45FD-8AB1-FCF3E9C10A53}.Debug|x86.Build.0 = Debug|Win32
		{12C4DC43-00ED-45FD-8AB1-FCF3E9C10A53}.Release|x64.ActiveCfg = Release|x64
		{12C4DC43-00ED-45FD-8AB1-FCF3E9C10A53}.Release|x64.Build.0 = Release|x64
		{12C4DC43-00ED-45FD-8AB1-FCF3E9C10A53}.Release|x86.ActiveCfg = Release|Win32
		{12C4DC43-00ED-45FD-8AB1-FCF3E9C10A53}.Release|x86.Build.0 = Release|Win32
		{DF153B05-8DD0-42C6-A087-D4B4EF82E280}.Debug|x64.ActiveCfg = Debug|x64
		{DF153B05-8DD0-42C6-A087-D4B4EF82E280}.Debug|x64.Build.0 = Debug|x64
		{DF153B05-8DD0-42C6-A087-D4B4EF82E280}.Debug|x86.ActiveCfg = Debug|Win32
		{DF153B05-8DD0-42C6-A087-D4B4EF82E280}.Debug|x86.Build.0 = Debug|Win32
		{DF153B05-8DD0-42C6-A087-D4B4EF82E280}.Release|x64.ActiveCfg = Release|x64
		{DF153B05-8DD0-42C6-A087-D4B4EF82E280}.Release|x64.Build.0 = Release|x64
		{DF153B05-8DD0-42C6-A087-D4B4EF82E280}.Release|x86.ActiveCfg = Release|Win32
		{DF153B05-8DD0-42C6-A087-D4B4EF82E280}.Release|x86.Build.0 = Release|Win32
	EndGlobalSection
	GlobalSection(SolutionProperties) = preSolution
		HideSolutionNode = FALSE
	EndGlobalSection
	GlobalSection(ExtensibilityGlobals) = postSolution
		SolutionGuid = {DC533DB8-D84D-44BF-B54A-7BE4373B6A2B}
	EndGlobalSection
EndGlobal
